# THIS IS AN AUTOGENERATED FILE. DO NOT EDIT THIS FILE DIRECTLY.
# yarn lockfile v1


"@octokit/auth-token@^3.0.0":
  version "3.0.1"
  resolved "https://registry.yarnpkg.com/@octokit/auth-token/-/auth-token-3.0.1.tgz#88bc2baf5d706cb258474e722a720a8365dff2ec"
  integrity sha512-/USkK4cioY209wXRpund6HZzHo9GmjakpV9ycOkpMcMxMk7QVcVFVyCMtzvXYiHsB2crgDgrtNYSELYFBXhhaA==
  dependencies:
    "@octokit/types" "^7.0.0"

"@octokit/core@^4.0.0":
  version "4.0.5"
  resolved "https://registry.yarnpkg.com/@octokit/core/-/core-4.0.5.tgz#589e68c0a35d2afdcd41dafceab072c2fbc6ab5f"
  integrity sha512-4R3HeHTYVHCfzSAi0C6pbGXV8UDI5Rk+k3G7kLVNckswN9mvpOzW9oENfjfH3nEmzg8y3AmKmzs8Sg6pLCeOCA==
  dependencies:
    "@octokit/auth-token" "^3.0.0"
    "@octokit/graphql" "^5.0.0"
    "@octokit/request" "^6.0.0"
    "@octokit/request-error" "^3.0.0"
    "@octokit/types" "^7.0.0"
    before-after-hook "^2.2.0"
    universal-user-agent "^6.0.0"

"@octokit/endpoint@^7.0.0":
  version "7.0.1"
  resolved "https://registry.yarnpkg.com/@octokit/endpoint/-/endpoint-7.0.1.tgz#cb0d03e62e8762f3c80e52b025179de81899a823"
  integrity sha512-/wTXAJwt0HzJ2IeE4kQXO+mBScfzyCkI0hMtkIaqyXd9zg76OpOfNQfHL9FlaxAV2RsNiOXZibVWloy8EexENg==
  dependencies:
    "@octokit/types" "^7.0.0"
    is-plain-object "^5.0.0"
    universal-user-agent "^6.0.0"

"@octokit/graphql@^5.0.0":
  version "5.0.1"
  resolved "https://registry.yarnpkg.com/@octokit/graphql/-/graphql-5.0.1.tgz#a06982514ad131fb6fbb9da968653b2233fade9b"
  integrity sha512-sxmnewSwAixkP1TrLdE6yRG53eEhHhDTYUykUwdV9x8f91WcbhunIHk9x1PZLALdBZKRPUO2HRcm4kezZ79HoA==
  dependencies:
    "@octokit/request" "^6.0.0"
    "@octokit/types" "^7.0.0"
    universal-user-agent "^6.0.0"

"@octokit/openapi-types@^13.4.0":
  version "13.5.0"
  resolved "https://registry.yarnpkg.com/@octokit/openapi-types/-/openapi-types-13.5.0.tgz#8b3000783869a76b65a633159df8d7ed73ba370d"
  integrity sha512-e9uYcMLpU5nMDA4k4PufLsJV9Wwc4QuKxRD7xNPW3vveuA3j0Nb6zZYG9IgQpEgYPtIjQwrJK3Z2rKWJ9SfzKg==

"@octokit/plugin-paginate-rest@^4.0.0":
  version "4.1.0"
  resolved "https://registry.yarnpkg.com/@octokit/plugin-paginate-rest/-/plugin-paginate-rest-4.1.0.tgz#670ac9ac369448c69a2371bfcd7e2b37d95534f2"
  integrity sha512-2O5K5fpajYG5g62wjzHR7/cWYaCA88CextAW3vFP+yoIHD0KEdlVMHfM5/i5LyV+JMmqiYW7w5qfg46FR+McNw==
  dependencies:
    "@octokit/types" "^7.1.1"

"@octokit/plugin-request-log@^1.0.4":
  version "1.0.4"
  resolved "https://registry.yarnpkg.com/@octokit/plugin-request-log/-/plugin-request-log-1.0.4.tgz#5e50ed7083a613816b1e4a28aeec5fb7f1462e85"
  integrity sha512-mLUsMkgP7K/cnFEw07kWqXGF5LKrOkD+lhCrKvPHXWDywAwuDUeDwWBpc69XK3pNX0uKiVt8g5z96PJ6z9xCFA==

"@octokit/plugin-rest-endpoint-methods@^6.0.0":
  version "6.3.1"
  resolved "https://registry.yarnpkg.com/@octokit/plugin-rest-endpoint-methods/-/plugin-rest-endpoint-methods-6.3.1.tgz#6f2cf47740302ba3868cdb88605d90faa93f3469"
  integrity sha512-rlEvu+Yn2TykXcAEfP7b5dXlsyD5A5QCU3nuMY7cXFtDKPeRyL739xhDuEwvDV9is8ea1kFuDKbmA/DNGPkCyg==
  dependencies:
    "@octokit/types" "^7.1.1"
    deprecation "^2.3.1"

"@octokit/request-error@^3.0.0", "@octokit/request-error@^3.0.1":
  version "3.0.1"
  resolved "https://registry.yarnpkg.com/@octokit/request-error/-/request-error-3.0.1.tgz#3fd747913c06ab2195e52004a521889dadb4b295"
  integrity sha512-ym4Bp0HTP7F3VFssV88WD1ZyCIRoE8H35pXSKwLeMizcdZAYc/t6N9X9Yr9n6t3aG9IH75XDnZ6UeZph0vHMWQ==
  dependencies:
    "@octokit/types" "^7.0.0"
    deprecation "^2.0.0"
    once "^1.4.0"

"@octokit/request@^6.0.0":
  version "6.2.1"
  resolved "https://registry.yarnpkg.com/@octokit/request/-/request-6.2.1.tgz#3ceeb22dab09a29595d96594b6720fc14495cf4e"
  integrity sha512-gYKRCia3cpajRzDSU+3pt1q2OcuC6PK8PmFIyxZDWCzRXRSIBH8jXjFJ8ZceoygBIm0KsEUg4x1+XcYBz7dHPQ==
  dependencies:
    "@octokit/endpoint" "^7.0.0"
    "@octokit/request-error" "^3.0.0"
    "@octokit/types" "^7.0.0"
    is-plain-object "^5.0.0"
    node-fetch "^2.6.7"
    universal-user-agent "^6.0.0"

"@octokit/rest@^19.0.4":
  version "19.0.4"
  resolved "https://registry.yarnpkg.com/@octokit/rest/-/rest-19.0.4.tgz#fd8bed1cefffa486e9ae46a9dc608ce81bcfcbdd"
  integrity sha512-LwG668+6lE8zlSYOfwPj4FxWdv/qFXYBpv79TWIQEpBLKA9D/IMcWsF/U9RGpA3YqMVDiTxpgVpEW3zTFfPFTA==
  dependencies:
    "@octokit/core" "^4.0.0"
    "@octokit/plugin-paginate-rest" "^4.0.0"
    "@octokit/plugin-request-log" "^1.0.4"
    "@octokit/plugin-rest-endpoint-methods" "^6.0.0"

"@octokit/types@^7.0.0", "@octokit/types@^7.1.1":
  version "7.1.1"
  resolved "https://registry.yarnpkg.com/@octokit/types/-/types-7.1.1.tgz#a30fd6ca3279d59d532fa75583d65d93b7588e6d"
  integrity sha512-Dx6cNTORyVaKY0Yeb9MbHksk79L8GXsihbG6PtWqTpkyA2TY1qBWE26EQXVG3dHwY9Femdd/WEeRUEiD0+H3TQ==
  dependencies:
    "@octokit/openapi-types" "^13.4.0"

before-after-hook@^2.2.0:
  version "2.2.2"
  resolved "https://registry.yarnpkg.com/before-after-hook/-/before-after-hook-2.2.2.tgz#a6e8ca41028d90ee2c24222f201c90956091613e"
  integrity sha512-3pZEU3NT5BFUo/AD5ERPWOgQOCZITni6iavr5AUw5AUwQjMlI0kzu5btnyD39AF0gUEsDPwJT+oY1ORBJijPjQ==

deprecation@^2.0.0, deprecation@^2.3.1:
  version "2.3.1"
  resolved "https://registry.yarnpkg.com/deprecation/-/deprecation-2.3.1.tgz#6368cbdb40abf3373b525ac87e4a260c3a700919"
  integrity sha512-xmHIy4F3scKVwMsQ4WnVaS8bHOx0DmVwRywosKhaILI0ywMDWPtBSku2HNxRvF7jtwDRsoEwYQSfbxj8b7RlJQ==

is-plain-object@^5.0.0:
  version "5.0.0"
  resolved "https://registry.yarnpkg.com/is-plain-object/-/is-plain-object-5.0.0.tgz#4427f50ab3429e9025ea7d52e9043a9ef4159344"
  integrity sha512-VRSzKkbMm5jMDoKLbltAkFQ5Qr7VDiTFGXxYFXXowVj387GeGNOCsOH6Msy00SGZ3Fp84b1Naa1psqgcCIEP5Q==

node-fetch@^2.6.7:
  version "2.6.7"
  resolved "https://registry.yarnpkg.com/node-fetch/-/node-fetch-2.6.7.tgz#24de9fba827e3b4ae44dc8b20256a379160052ad"
  integrity sha512-ZjMPFEfVx5j+y2yF35Kzx5sF7kDzxuDj6ziH4FFbOp87zKDZNx8yExJIb05OGF4Nlt9IHFIMBkRl41VdvcNdbQ==
  dependencies:
    whatwg-url "^5.0.0"

once@^1.4.0:
  version "1.4.0"
  resolved "https://registry.yarnpkg.com/once/-/once-1.4.0.tgz#583b1aa775961d4b113ac17d9c50baef9dd76bd1"
  integrity sha512-lNaJgI+2Q5URQBkccEKHTQOPaXdUxnZZElQTZY0MFUAuaEqe1E+Nyvgdz/aIyNi6Z9MzO5dv1H8n58/GELp3+w==
  dependencies:
    wrappy "1"

tr46@~0.0.3:
  version "0.0.3"
  resolved "https://registry.yarnpkg.com/tr46/-/tr46-0.0.3.tgz#8184fd347dac9cdc185992f3a6622e14b9d9ab6a"
  integrity sha512-N3WMsuqV66lT30CrXNbEjx4GEwlow3v6rr4mCcv6prnfwhS01rkgyFdjPNBYd9br7LpXV1+Emh01fHnq2Gdgrw==

typescript@^4.8.2:
  version "4.8.2"
  resolved "https://registry.yarnpkg.com/typescript/-/typescript-4.8.2.tgz#e3b33d5ccfb5914e4eeab6699cf208adee3fd790"
  integrity sha512-C0I1UsrrDHo2fYI5oaCGbSejwX4ch+9Y5jTQELvovfmFkK3HHSZJB8MSJcWLmCUBzQBchCrZ9rMRV6GuNrvGtw==

universal-user-agent@^6.0.0:
  version "6.0.0"
  resolved "https://registry.yarnpkg.com/universal-user-agent/-/universal-user-agent-6.0.0.tgz#3381f8503b251c0d9cd21bc1de939ec9df5480ee"
  integrity sha512-isyNax3wXoKaulPDZWHQqbmIx1k2tb9fb3GGDBRxCscfYV2Ch7WxPArBsFEG8s/safwXTT7H4QGhaIkTp9447w==

webidl-conversions@^3.0.0:
  version "3.0.1"
  resolved "https://registry.yarnpkg.com/webidl-conversions/-/webidl-conversions-3.0.1.tgz#24534275e2a7bc6be7bc86611cc16ae0a5654871"
  integrity sha512-2JAn3z8AR6rjK8Sm8orRC0h/bcl/DqL7tRPdGZ4I1CjdF+EaMLmYxBHyXuKL849eucPFhvBoxMsflfOb8kxaeQ==

whatwg-url@^5.0.0:
  version "5.0.0"
  resolved "https://registry.yarnpkg.com/whatwg-url/-/whatwg-url-5.0.0.tgz#966454e8765462e37644d3626f6742ce8b70965d"
  integrity sha512-saE57nupxk6v3HY35+jzBwYa0rKSy0XR8JSxZPwgLr7ys0IBzhGviA1/TUGJLmSVqs8pb9AnvICXEuOHLprYTw==
  dependencies:
    tr46 "~0.0.3"
    webidl-conversions "^3.0.0"

wrappy@1:
  version "1.0.2"
  resolved "https://registry.yarnpkg.com/wrappy/-/wrappy-1.0.2.tgz#b5243d8f3ec1aa35f1364605bc0d1036e30ab69f"
  integrity sha512-l4Sp/DRseor9wL6EvV2+TuQn63dMkPjZ/sp9XkghTEbV9KlPS1xUsZ3u7/IQO4wxtcFB4bgpQPRcR3QCvezPcQ==
